// !$*UTF8*$!
{
	archiveVersion = 1;
	classes = {
	};
	objectVersion = 50;
	objects = {

/* Begin PBXBuildFile section */
		035A7B5623B37C2C00FB6D5E /* PerformanceMeter.swift in Sources */ = {isa = PBXBuildFile; fileRef = 035A7B5523B37C2C00FB6D5E /* PerformanceMeter.swift */; };
		035A7B5823B37D6700FB6D5E /* WallClockTimeMetric.swift in Sources */ = {isa = PBXBuildFile; fileRef = 035A7B5723B37D6700FB6D5E /* WallClockTimeMetric.swift */; };
		035A7B5A23B3817400FB6D5E /* PerformanceMetric.swift in Sources */ = {isa = PBXBuildFile; fileRef = 035A7B5923B3817400FB6D5E /* PerformanceMetric.swift */; };
		0382E0CB23B2DC5A00C1AD3F /* BenchmarkKit.framework in Frameworks */ = {isa = PBXBuildFile; fileRef = 0382E0C123B2DC5A00C1AD3F /* BenchmarkKit.framework */; };
		0382E0D023B2DC5A00C1AD3F /* BenchmarkKitTests.swift in Sources */ = {isa = PBXBuildFile; fileRef = 0382E0CF23B2DC5A00C1AD3F /* BenchmarkKitTests.swift */; };
		0382E0D223B2DC5A00C1AD3F /* BenchmarkKit.h in Headers */ = {isa = PBXBuildFile; fileRef = 0382E0C423B2DC5A00C1AD3F /* BenchmarkKit.h */; settings = {ATTRIBUTES = (Public, ); }; };
		0382E12223B2DDF500C1AD3F /* BenchmarkKit.swift in Sources */ = {isa = PBXBuildFile; fileRef = 0382E12123B2DDF500C1AD3F /* BenchmarkKit.swift */; };
/* End PBXBuildFile section */

/* Begin PBXContainerItemProxy section */
		0382E0CC23B2DC5A00C1AD3F /* PBXContainerItemProxy */ = {
			isa = PBXContainerItemProxy;
			containerPortal = 0382E0B823B2DC5A00C1AD3F /* Project object */;
			proxyType = 1;
			remoteGlobalIDString = 0382E0C023B2DC5A00C1AD3F;
			remoteInfo = BenchmarkKit;
		};
/* End PBXContainerItemProxy section */

/* Begin PBXFileReference section */
		035A7B5523B37C2C00FB6D5E /* PerformanceMeter.swift */ = {isa = PBXFileReference; lastKnownFileType = sourcecode.swift; path = PerformanceMeter.swift; sourceTree = "<group>"; };
		035A7B5723B37D6700FB6D5E /* WallClockTimeMetric.swift */ = {isa = PBXFileReference; lastKnownFileType = sourcecode.swift; path = WallClockTimeMetric.swift; sourceTree = "<group>"; };
		035A7B5923B3817400FB6D5E /* PerformanceMetric.swift */ = {isa = PBXFileReference; lastKnownFileType = sourcecode.swift; path = PerformanceMetric.swift; sourceTree = "<group>"; };
		0382E0C123B2DC5A00C1AD3F /* BenchmarkKit.framework */ = {isa = PBXFileReference; explicitFileType = wrapper.framework; includeInIndex = 0; path = BenchmarkKit.framework; sourceTree = BUILT_PRODUCTS_DIR; };
		0382E0C423B2DC5A00C1AD3F /* BenchmarkKit.h */ = {isa = PBXFileReference; lastKnownFileType = sourcecode.c.h; path = BenchmarkKit.h; sourceTree = "<group>"; };
		0382E0C523B2DC5A00C1AD3F /* Info.plist */ = {isa = PBXFileReference; lastKnownFileType = text.plist.xml; path = Info.plist; sourceTree = "<group>"; };
		0382E0CA23B2DC5A00C1AD3F /* BenchmarkKitTests.xctest */ = {isa = PBXFileReference; explicitFileType = wrapper.cfbundle; includeInIndex = 0; path = BenchmarkKitTests.xctest; sourceTree = BUILT_PRODUCTS_DIR; };
		0382E0CF23B2DC5A00C1AD3F /* BenchmarkKitTests.swift */ = {isa = PBXFileReference; lastKnownFileType = sourcecode.swift; path = BenchmarkKitTests.swift; sourceTree = "<group>"; };
		0382E0D123B2DC5A00C1AD3F /* Info.plist */ = {isa = PBXFileReference; lastKnownFileType = text.plist.xml; path = Info.plist; sourceTree = "<group>"; };
		0382E12123B2DDF500C1AD3F /* BenchmarkKit.swift */ = {isa = PBXFileReference; lastKnownFileType = sourcecode.swift; path = BenchmarkKit.swift; sourceTree = "<group>"; };
/* End PBXFileReference section */

/* Begin PBXFrameworksBuildPhase section */
		0382E0BE23B2DC5A00C1AD3F /* Frameworks */ = {
			isa = PBXFrameworksBuildPhase;
			buildActionMask = 2147483647;
			files = (
			);
			runOnlyForDeploymentPostprocessing = 0;
		};
		0382E0C723B2DC5A00C1AD3F /* Frameworks */ = {
			isa = PBXFrameworksBuildPhase;
			buildActionMask = 2147483647;
			files = (
				0382E0CB23B2DC5A00C1AD3F /* BenchmarkKit.framework in Frameworks */,
			);
			runOnlyForDeploymentPostprocessing = 0;
		};
/* End PBXFrameworksBuildPhase section */

/* Begin PBXGroup section */
		0382E0B723B2DC5A00C1AD3F = {
			isa = PBXGroup;
			children = (
				0382E0C323B2DC5A00C1AD3F /* BenchmarkKit */,
				0382E0CE23B2DC5A00C1AD3F /* BenchmarkKitTests */,
				0382E0C223B2DC5A00C1AD3F /* Products */,
			);
			sourceTree = "<group>";
		};
		0382E0C223B2DC5A00C1AD3F /* Products */ = {
			isa = PBXGroup;
			children = (
				0382E0C123B2DC5A00C1AD3F /* BenchmarkKit.framework */,
				0382E0CA23B2DC5A00C1AD3F /* BenchmarkKitTests.xctest */,
			);
			name = Products;
			sourceTree = "<group>";
		};
		0382E0C323B2DC5A00C1AD3F /* BenchmarkKit */ = {
			isa = PBXGroup;
			children = (
				0382E0C423B2DC5A00C1AD3F /* BenchmarkKit.h */,
				0382E12123B2DDF500C1AD3F /* BenchmarkKit.swift */,
				035A7B5523B37C2C00FB6D5E /* PerformanceMeter.swift */,
				035A7B5923B3817400FB6D5E /* PerformanceMetric.swift */,
				035A7B5723B37D6700FB6D5E /* WallClockTimeMetric.swift */,
				0382E0C523B2DC5A00C1AD3F /* Info.plist */,
			);
			path = BenchmarkKit;
			sourceTree = "<group>";
		};
		0382E0CE23B2DC5A00C1AD3F /* BenchmarkKitTests */ = {
			isa = PBXGroup;
			children = (
				0382E0CF23B2DC5A00C1AD3F /* BenchmarkKitTests.swift */,
				0382E0D123B2DC5A00C1AD3F /* Info.plist */,
			);
			path = BenchmarkKitTests;
			sourceTree = "<group>";
		};
/* End PBXGroup section */

/* Begin PBXHeadersBuildPhase section */
		0382E0BC23B2DC5A00C1AD3F /* Headers */ = {
			isa = PBXHeadersBuildPhase;
			buildActionMask = 2147483647;
			files = (
				0382E0D223B2DC5A00C1AD3F /* BenchmarkKit.h in Headers */,
			);
			runOnlyForDeploymentPostprocessing = 0;
		};
/* End PBXHeadersBuildPhase section */

/* Begin PBXNativeTarget section */
		0382E0C023B2DC5A00C1AD3F /* BenchmarkKit */ = {
			isa = PBXNativeTarget;
			buildConfigurationList = 0382E0D523B2DC5A00C1AD3F /* Build configuration list for PBXNativeTarget "BenchmarkKit" */;
			buildPhases = (
				0382E0BC23B2DC5A00C1AD3F /* Headers */,
				0382E0BD23B2DC5A00C1AD3F /* Sources */,
				0382E0BE23B2DC5A00C1AD3F /* Frameworks */,
				0382E0BF23B2DC5A00C1AD3F /* Resources */,
			);
			buildRules = (
			);
			dependencies = (
			);
			name = BenchmarkKit;
			productName = BenchmarkKit;
			productReference = 0382E0C123B2DC5A00C1AD3F /* BenchmarkKit.framework */;
			productType = "com.apple.product-type.framework";
		};
		0382E0C923B2DC5A00C1AD3F /* BenchmarkKitTests */ = {
			isa = PBXNativeTarget;
			buildConfigurationList = 0382E0D823B2DC5A00C1AD3F /* Build configuration list for PBXNativeTarget "BenchmarkKitTests" */;
			buildPhases = (
				0382E0C623B2DC5A00C1AD3F /* Sources */,
				0382E0C723B2DC5A00C1AD3F /* Frameworks */,
				0382E0C823B2DC5A00C1AD3F /* Resources */,
			);
			buildRules = (
			);
			dependencies = (
				0382E0CD23B2DC5A00C1AD3F /* PBXTargetDependency */,
			);
			name = BenchmarkKitTests;
			productName = BenchmarkKitTests;
			productReference = 0382E0CA23B2DC5A00C1AD3F /* BenchmarkKitTests.xctest */;
			productType = "com.apple.product-type.bundle.unit-test";
		};
/* End PBXNativeTarget section */

/* Begin PBXProject section */
		0382E0B823B2DC5A00C1AD3F /* Project object */ = {
			isa = PBXProject;
			attributes = {
				LastSwiftUpdateCheck = 1120;
				LastUpgradeCheck = 1120;
				ORGANIZATIONNAME = namco;
				TargetAttributes = {
					0382E0C023B2DC5A00C1AD3F = {
						CreatedOnToolsVersion = 11.2.1;
						LastSwiftMigration = 1120;
					};
					0382E0C923B2DC5A00C1AD3F = {
						CreatedOnToolsVersion = 11.2.1;
					};
				};
			};
			buildConfigurationList = 0382E0BB23B2DC5A00C1AD3F /* Build configuration list for PBXProject "BenchmarkKit" */;
			compatibilityVersion = "Xcode 9.3";
			developmentRegion = en;
			hasScannedForEncodings = 0;
			knownRegions = (
				en,
				Base,
			);
			mainGroup = 0382E0B723B2DC5A00C1AD3F;
			productRefGroup = 0382E0C223B2DC5A00C1AD3F /* Products */;
			projectDirPath = "";
			projectRoot = "";
			targets = (
				0382E0C023B2DC5A00C1AD3F /* BenchmarkKit */,
				0382E0C923B2DC5A00C1AD3F /* BenchmarkKitTests */,
			);
		};
/* End PBXProject section */

/* Begin PBXResourcesBuildPhase section */
		0382E0BF23B2DC5A00C1AD3F /* Resources */ = {
			isa = PBXResourcesBuildPhase;
			buildActionMask = 2147483647;
			files = (
			);
			runOnlyForDeploymentPostprocessing = 0;
		};
		0382E0C823B2DC5A00C1AD3F /* Resources */ = {
			isa = PBXResourcesBuildPhase;
			buildActionMask = 2147483647;
			files = (
			);
			runOnlyForDeploymentPostprocessing = 0;
		};
/* End PBXResourcesBuildPhase section */

/* Begin PBXSourcesBuildPhase section */
		0382E0BD23B2DC5A00C1AD3F /* Sources */ = {
			isa = PBXSourcesBuildPhase;
			buildActionMask = 2147483647;
			files = (
				035A7B5A23B3817400FB6D5E /* PerformanceMetric.swift in Sources */,
				035A7B5623B37C2C00FB6D5E /* PerformanceMeter.swift in Sources */,
				035A7B5823B37D6700FB6D5E /* WallClockTimeMetric.swift in Sources */,
				0382E12223B2DDF500C1AD3F /* BenchmarkKit.swift in Sources */,
			);
			runOnlyForDeploymentPostprocessing = 0;
		};
		0382E0C623B2DC5A00C1AD3F /* Sources */ = {
			isa = PBXSourcesBuildPhase;
			buildActionMask = 2147483647;
			files = (
				0382E0D023B2DC5A00C1AD3F /* BenchmarkKitTests.swift in Sources */,
			);
			runOnlyForDeploymentPostprocessing = 0;
		};
/* End PBXSourcesBuildPhase section */

/* Begin PBXTargetDependency section */
		0382E0CD23B2DC5A00C1AD3F /* PBXTargetDependency */ = {
			isa = PBXTargetDependency;
			target = 0382E0C023B2DC5A00C1AD3F /* BenchmarkKit */;
			targetProxy = 0382E0CC23B2DC5A00C1AD3F /* PBXContainerItemProxy */;
		};
/* End PBXTargetDependency section */

/* Begin XCBuildConfiguration section */
		0382E0D323B2DC5A00C1AD3F /* Debug */ = {
			isa = XCBuildConfiguration;
			buildSettings = {
				ALWAYS_SEARCH_USER_PATHS = NO;
				CLANG_ANALYZER_NONNULL = YES;
				CLANG_ANALYZER_NUMBER_OBJECT_CONVERSION = YES_AGGRESSIVE;
				CLANG_CXX_LANGUAGE_STANDARD = "gnu++14";
				CLANG_CXX_LIBRARY = "libc++";
				CLANG_ENABLE_MODULES = YES;
				CLANG_ENABLE_OBJC_ARC = YES;
				CLANG_ENABLE_OBJC_WEAK = YES;
				CLANG_WARN_BLOCK_CAPTURE_AUTORELEASING = YES;
				CLANG_WARN_BOOL_CONVERSION = YES;
				CLANG_WARN_COMMA = YES;
				CLANG_WARN_CONSTANT_CONVERSION = YES;
				CLANG_WARN_DEPRECATED_OBJC_IMPLEMENTATIONS = YES;
				CLANG_WARN_DIRECT_OBJC_ISA_USAGE = YES_ERROR;
				CLANG_WARN_DOCUMENTATION_COMMENTS = YES;
				CLANG_WARN_EMPTY_BODY = YES;
				CLANG_WARN_ENUM_CONVERSION = YES;
				CLANG_WARN_INFINITE_RECURSION = YES;
				CLANG_WARN_INT_CONVERSION = YES;
				CLANG_WARN_NON_LITERAL_NULL_CONVERSION = YES;
				CLANG_WARN_OBJC_IMPLICIT_RETAIN_SELF = YES;
				CLANG_WARN_OBJC_LITERAL_CONVERSION = YES;
				CLANG_WARN_OBJC_ROOT_CLASS = YES_ERROR;
				CLANG_WARN_RANGE_LOOP_ANALYSIS = YES;
				CLANG_WARN_STRICT_PROTOTYPES = YES;
				CLANG_WARN_SUSPICIOUS_MOVE = YES;
				CLANG_WARN_UNGUARDED_AVAILABILITY = YES_AGGRESSIVE;
				CLANG_WARN_UNREACHABLE_CODE = YES;
				CLANG_WARN__DUPLICATE_METHOD_MATCH = YES;
				COPY_PHASE_STRIP = NO;
				CURRENT_PROJECT_VERSION = 1;
				DEBUG_INFORMATION_FORMAT = dwarf;
				ENABLE_STRICT_OBJC_MSGSEND = YES;
				ENABLE_TESTABILITY = YES;
				GCC_C_LANGUAGE_STANDARD = gnu11;
				GCC_DYNAMIC_NO_PIC = NO;
				GCC_NO_COMMON_BLOCKS = YES;
				GCC_OPTIMIZATION_LEVEL = 0;
				GCC_PREPROCESSOR_DEFINITIONS = (
					"DEBUG=1",
					"$(inherited)",
				);
				GCC_WARN_64_TO_32_BIT_CONVERSION = YES;
				GCC_WARN_ABOUT_RETURN_TYPE = YES_ERROR;
				GCC_WARN_UNDECLARED_SELECTOR = YES;
				GCC_WARN_UNINITIALIZED_AUTOS = YES_AGGRESSIVE;
				GCC_WARN_UNUSED_FUNCTION = YES;
				GCC_WARN_UNUSED_VARIABLE = YES;
				IPHONEOS_DEPLOYMENT_TARGET = 13.2;
				MTL_ENABLE_DEBUG_INFO = INCLUDE_SOURCE;
				MTL_FAST_MATH = YES;
				ONLY_ACTIVE_ARCH = YES;
				SDKROOT = iphoneos;
				SWIFT_ACTIVE_COMPILATION_CONDITIONS = DEBUG;
				SWIFT_OPTIMIZATION_LEVEL = "-Onone";
				VERSIONING_SYSTEM = "apple-generic";
				VERSION_INFO_PREFIX = "";
			};
			name = Debug;
		};
		0382E0D423B2DC5A00C1AD3F /* Release */ = {
			isa = XCBuildConfiguration;
			buildSettings = {
				ALWAYS_SEARCH_USER_PATHS = NO;
				CLANG_ANALYZER_NONNULL = YES;
				CLANG_ANALYZER_NUMBER_OBJECT_CONVERSION = YES_AGGRESSIVE;
				CLANG_CXX_LANGUAGE_STANDARD = "gnu++14";
				CLANG_CXX_LIBRARY = "libc++";
				CLANG_ENABLE_MODULES = YES;
				CLANG_ENABLE_OBJC_ARC = YES;
				CLANG_ENABLE_OBJC_WEAK = YES;
				CLANG_WARN_BLOCK_CAPTURE_AUTORELEASING = YES;
				CLANG_WARN_BOOL_CONVERSION = YES;
				CLANG_WARN_COMMA = YES;
				CLANG_WARN_CONSTANT_CONVERSION = YES;
				CLANG_WARN_DEPRECATED_OBJC_IMPLEMENTATIONS = YES;
				CLANG_WARN_DIRECT_OBJC_ISA_USAGE = YES_ERROR;
				CLANG_WARN_DOCUMENTATION_COMMENTS = YES;
				CLANG_WARN_EMPTY_BODY = YES;
				CLANG_WARN_ENUM_CONVERSION = YES;
				CLANG_WARN_INFINITE_RECURSION = YES;
				CLANG_WARN_INT_CONVERSION = YES;
				CLANG_WARN_NON_LITERAL_NULL_CONVERSION = YES;
				CLANG_WARN_OBJC_IMPLICIT_RETAIN_SELF = YES;
				CLANG_WARN_OBJC_LITERAL_CONVERSION = YES;
				CLANG_WARN_OBJC_ROOT_CLASS = YES_ERROR;
				CLANG_WARN_RANGE_LOOP_ANALYSIS = YES;
				CLANG_WARN_STRICT_PROTOTYPES = YES;
				CLANG_WARN_SUSPICIOUS_MOVE = YES;
				CLANG_WARN_UNGUARDED_AVAILABILITY = YES_AGGRESSIVE;
				CLANG_WARN_UNREACHABLE_CODE = YES;
				CLANG_WARN__DUPLICATE_METHOD_MATCH = YES;
				COPY_PHASE_STRIP = NO;
				CURRENT_PROJECT_VERSION = 1;
				DEBUG_INFORMATION_FORMAT = "dwarf-with-dsym";
				ENABLE_NS_ASSERTIONS = NO;
				ENABLE_STRICT_OBJC_MSGSEND = YES;
				GCC_C_LANGUAGE_STANDARD = gnu11;
				GCC_NO_COMMON_BLOCKS = YES;
				GCC_WARN_64_TO_32_BIT_CONVERSION = YES;
				GCC_WARN_ABOUT_RETURN_TYPE = YES_ERROR;
				GCC_WARN_UNDECLARED_SELECTOR = YES;
				GCC_WARN_UNINITIALIZED_AUTOS = YES_AGGRESSIVE;
				GCC_WARN_UNUSED_FUNCTION = YES;
				GCC_WARN_UNUSED_VARIABLE = YES;
				IPHONEOS_DEPLOYMENT_TARGET = 13.2;
				MTL_ENABLE_DEBUG_INFO = NO;
				MTL_FAST_MATH = YES;
				SDKROOT = iphoneos;
				SWIFT_COMPILATION_MODE = wholemodule;
				SWIFT_OPTIMIZATION_LEVEL = "-O";
				VALIDATE_PRODUCT = YES;
				VERSIONING_SYSTEM = "apple-generic";
				VERSION_INFO_PREFIX = "";
			};
			name = Release;
		};
		0382E0D623B2DC5A00C1AD3F /* Debug */ = {
			isa = XCBuildConfiguration;
			buildSettings = {
				CLANG_ENABLE_MODULES = YES;
				CODE_SIGN_STYLE = Automatic;
				DEFINES_MODULE = YES;
				DEVELOPMENT_TEAM = 23SNN8KHW7;
				DYLIB_COMPATIBILITY_VERSION = 1;
				DYLIB_CURRENT_VERSION = 1;
				DYLIB_INSTALL_NAME_BASE = "@rpath";
				INFOPLIST_FILE = BenchmarkKit/Info.plist;
				INSTALL_PATH = "$(LOCAL_LIBRARY_DIR)/Frameworks";
				LD_RUNPATH_SEARCH_PATHS = (
					"$(inherited)",
					"@executable_path/Frameworks",
					"@loader_path/Frameworks",
				);
				PRODUCT_BUNDLE_IDENTIFIER = com.namco.BenchmarkKit;
				PRODUCT_NAME = "$(TARGET_NAME:c99extidentifier)";
				SKIP_INSTALL = YES;
				SWIFT_OPTIMIZATION_LEVEL = "-Onone";
				SWIFT_VERSION = 5.0;
				TARGETED_DEVICE_FAMILY = "1,2";
			};
			name = Debug;
		};
		0382E0D723B2DC5A00C1AD3F /* Release */ = {
			isa = XCBuildConfiguration;
			buildSettings = {
				CLANG_ENABLE_MODULES = YES;
				CODE_SIGN_STYLE = Automatic;
				DEFINES_MODULE = YES;
				DEVELOPMENT_TEAM = 23SNN8KHW7;
				DYLIB_COMPATIBILITY_VERSION = 1;
				DYLIB_CURRENT_VERSION = 1;
				DYLIB_INSTALL_NAME_BASE = "@rpath";
				INFOPLIST_FILE = BenchmarkKit/Info.plist;
				INSTALL_PATH = "$(LOCAL_LIBRARY_DIR)/Frameworks";
				LD_RUNPATH_SEARCH_PATHS = (
					"$(inherited)",
					"@executable_path/Frameworks",
					"@loader_path/Frameworks",
				);
				PRODUCT_BUNDLE_IDENTIFIER = com.namco.BenchmarkKit;
				PRODUCT_NAME = "$(TARGET_NAME:c99extidentifier)";
				SKIP_INSTALL = YES;
				SWIFT_VERSION = 5.0;
				TARGETED_DEVICE_FAMILY = "1,2";
			};
			name = Release;
		};
		0382E0D923B2DC5A00C1AD3F /* Debug */ = {
			isa = XCBuildConfiguration;
			buildSettings = {
				ALWAYS_EMBED_SWIFT_STANDARD_LIBRARIES = YES;
				CODE_SIGN_STYLE = Automatic;
				DEVELOPMENT_TEAM = 23SNN8KHW7;
				INFOPLIST_FILE = BenchmarkKitTests/Info.plist;
				LD_RUNPATH_SEARCH_PATHS = (
					"$(inherited)",
					"@executable_path/Frameworks",
					"@loader_path/Frameworks",
				);
				PRODUCT_BUNDLE_IDENTIFIER = com.namco.BenchmarkKitTests;
				PRODUCT_NAME = "$(TARGET_NAME)";
				SWIFT_VERSION = 5.0;
				TARGETED_DEVICE_FAMILY = "1,2";
			};
			name = Debug;
		};
		0382E0DA23B2DC5A00C1AD3F /* Release */ = {
			isa = XCBuildConfiguration;
			buildSettings = {
				ALWAYS_EMBED_SWIFT_STANDARD_LIBRARIES = YES;
				CODE_SIGN_STYLE = Automatic;
				DEVELOPMENT_TEAM = 23SNN8KHW7;
				INFOPLIST_FILE = BenchmarkKitTests/Info.plist;
				LD_RUNPATH_SEARCH_PATHS = (
					"$(inherited)",
					"@executable_path/Frameworks",
					"@loader_path/Frameworks",
				);
				PRODUCT_BUNDLE_IDENTIFIER = com.namco.BenchmarkKitTests;
				PRODUCT_NAME = "$(TARGET_NAME)";
				SWIFT_VERSION = 5.0;
				TARGETED_DEVICE_FAMILY = "1,2";
			};
			name = Release;
		};
/* End XCBuildConfiguration section */

/* Begin XCConfigurationList section */
		0382E0BB23B2DC5A00C1AD3F /* Build configuration list for PBXProject "BenchmarkKit" */ = {
			isa = XCConfigurationList;
			buildConfigurations = (
				0382E0D323B2DC5A00C1AD3F /* Debug */,
				0382E0D423B2DC5A00C1AD3F /* Release */,
			);
			defaultConfigurationIsVisible = 0;
			defaultConfigurationName = Release;
		};
		0382E0D523B2DC5A00C1AD3F /* Build configuration list for PBXNativeTarget "BenchmarkKit" */ = {
			isa = XCConfigurationList;
			buildConfigurations = (
				0382E0D623B2DC5A00C1AD3F /* Debug */,
				0382E0D723B2DC5A00C1AD3F /* Release */,
			);
			defaultConfigurationIsVisible = 0;
			defaultConfigurationName = Release;
		};
		0382E0D823B2DC5A00C1AD3F /* Build configuration list for PBXNativeTarget "BenchmarkKitTests" */ = {
			isa = XCConfigurationList;
			buildConfigurations = (
				0382E0D923B2DC5A00C1AD3F /* Debug */,
				0382E0DA23B2DC5A00C1AD3F /* Release */,
			);
			defaultConfigurationIsVisible = 0;
			defaultConfigurationName = Release;
		};
/* End XCConfigurationList section */
	};
	rootObject = 0382E0B823B2DC5A00C1AD3F /* Project object */;
}
